// !$*UTF8*$!
{
	archiveVersion = 1;
	classes = {
	};
	objectVersion = 46;
	objects = {

/* Begin PBXBuildFile section */
		0537FB351AC0A11F001C9AF1 /* main.cpp in Sources */ = {isa = PBXBuildFile; fileRef = 0537FB341AC0A11F001C9AF1 /* main.cpp */; };
		0537FB3D1AC0A90D001C9AF1 /* AntAlgorithm.cpp in Sources */ = {isa = PBXBuildFile; fileRef = 0537FB3B1AC0A90D001C9AF1 /* AntAlgorithm.cpp */; };
		0537FB401AC0E6C8001C9AF1 /* Problem.cpp in Sources */ = {isa = PBXBuildFile; fileRef = 0537FB3E1AC0E6C8001C9AF1 /* Problem.cpp */; };
		0537FB431AC0E6DD001C9AF1 /* PheromoneMap.cpp in Sources */ = {isa = PBXBuildFile; fileRef = 0537FB411AC0E6DD001C9AF1 /* PheromoneMap.cpp */; };
		0537FB461AC0E6E6001C9AF1 /* Ant.cpp in Sources */ = {isa = PBXBuildFile; fileRef = 0537FB441AC0E6E6001C9AF1 /* Ant.cpp */; };
		0537FB491AC0EF45001C9AF1 /* City.cpp in Sources */ = {isa = PBXBuildFile; fileRef = 0537FB471AC0EF45001C9AF1 /* City.cpp */; };
		054991051ACDC44B008B7EA7 /* EdgeUpdate.cpp in Sources */ = {isa = PBXBuildFile; fileRef = 054991031ACDC44B008B7EA7 /* EdgeUpdate.cpp */; };
/* End PBXBuildFile section */

/* Begin PBXCopyFilesBuildPhase section */
		0537FB2F1AC0A11F001C9AF1 /* CopyFiles */ = {
			isa = PBXCopyFilesBuildPhase;
			buildActionMask = 2147483647;
			dstPath = /usr/share/man/man1/;
			dstSubfolderSpec = 0;
			files = (
			);
			runOnlyForDeploymentPostprocessing = 1;
		};
/* End PBXCopyFilesBuildPhase section */

/* Begin PBXFileReference section */
		0537FB311AC0A11F001C9AF1 /* AntColony */ = {isa = PBXFileReference; explicitFileType = "compiled.mach-o.executable"; includeInIndex = 0; path = AntColony; sourceTree = BUILT_PRODUCTS_DIR; };
		0537FB341AC0A11F001C9AF1 /* main.cpp */ = {isa = PBXFileReference; lastKnownFileType = sourcecode.cpp.cpp; path = main.cpp; sourceTree = "<group>"; };
		0537FB3B1AC0A90D001C9AF1 /* AntAlgorithm.cpp */ = {isa = PBXFileReference; fileEncoding = 4; lastKnownFileType = sourcecode.cpp.cpp; path = AntAlgorithm.cpp; sourceTree = "<group>"; };
		0537FB3C1AC0A90D001C9AF1 /* AntAlgorithm.h */ = {isa = PBXFileReference; fileEncoding = 4; lastKnownFileType = sourcecode.c.h; path = AntAlgorithm.h; sourceTree = "<group>"; };
		0537FB3E1AC0E6C8001C9AF1 /* Problem.cpp */ = {isa = PBXFileReference; fileEncoding = 4; lastKnownFileType = sourcecode.cpp.cpp; path = Problem.cpp; sourceTree = "<group>"; };
		0537FB3F1AC0E6C8001C9AF1 /* Problem.h */ = {isa = PBXFileReference; fileEncoding = 4; lastKnownFileType = sourcecode.c.h; path = Problem.h; sourceTree = "<group>"; };
		0537FB411AC0E6DD001C9AF1 /* PheromoneMap.cpp */ = {isa = PBXFileReference; fileEncoding = 4; lastKnownFileType = sourcecode.cpp.cpp; path = PheromoneMap.cpp; sourceTree = "<group>"; };
		0537FB421AC0E6DD001C9AF1 /* PheromoneMap.h */ = {isa = PBXFileReference; fileEncoding = 4; lastKnownFileType = sourcecode.c.h; path = PheromoneMap.h; sourceTree = "<group>"; };
		0537FB441AC0E6E6001C9AF1 /* Ant.cpp */ = {isa = PBXFileReference; fileEncoding = 4; lastKnownFileType = sourcecode.cpp.cpp; path = Ant.cpp; sourceTree = "<group>"; };
		0537FB451AC0E6E6001C9AF1 /* Ant.h */ = {isa = PBXFileReference; fileEncoding = 4; lastKnownFileType = sourcecode.c.h; path = Ant.h; sourceTree = "<group>"; };
		0537FB471AC0EF45001C9AF1 /* City.cpp */ = {isa = PBXFileReference; fileEncoding = 4; lastKnownFileType = sourcecode.cpp.cpp; path = City.cpp; sourceTree = "<group>"; };
		0537FB481AC0EF45001C9AF1 /* City.h */ = {isa = PBXFileReference; fileEncoding = 4; lastKnownFileType = sourcecode.c.h; path = City.h; sourceTree = "<group>"; };
		054991031ACDC44B008B7EA7 /* EdgeUpdate.cpp */ = {isa = PBXFileReference; fileEncoding = 4; lastKnownFileType = sourcecode.cpp.cpp; path = EdgeUpdate.cpp; sourceTree = "<group>"; };
		054991041ACDC44B008B7EA7 /* EdgeUpdate.h */ = {isa = PBXFileReference; fileEncoding = 4; lastKnownFileType = sourcecode.c.h; path = EdgeUpdate.h; sourceTree = "<group>"; };
/* End PBXFileReference section */

/* Begin PBXFrameworksBuildPhase section */
		0537FB2E1AC0A11F001C9AF1 /* Frameworks */ = {
			isa = PBXFrameworksBuildPhase;
			buildActionMask = 2147483647;
			files = (
			);
			runOnlyForDeploymentPostprocessing = 0;
		};
/* End PBXFrameworksBuildPhase section */

/* Begin PBXGroup section */
		0537FB281AC0A11F001C9AF1 = {
			isa = PBXGroup;
			children = (
				0537FB331AC0A11F001C9AF1 /* AntColony */,
				0537FB321AC0A11F001C9AF1 /* Products */,
			);
			sourceTree = "<group>";
		};
		0537FB321AC0A11F001C9AF1 /* Products */ = {
			isa = PBXGroup;
			children = (
				0537FB311AC0A11F001C9AF1 /* AntColony */,
			);
			name = Products;
			sourceTree = "<group>";
		};
		0537FB331AC0A11F001C9AF1 /* AntColony */ = {
			isa = PBXGroup;
			children = (
				0537FB341AC0A11F001C9AF1 /* main.cpp */,
				0537FB3B1AC0A90D001C9AF1 /* AntAlgorithm.cpp */,
				0537FB3C1AC0A90D001C9AF1 /* AntAlgorithm.h */,
				0537FB3E1AC0E6C8001C9AF1 /* Problem.cpp */,
				0537FB3F1AC0E6C8001C9AF1 /* Problem.h */,
				0537FB471AC0EF45001C9AF1 /* City.cpp */,
				0537FB481AC0EF45001C9AF1 /* City.h */,
				0537FB411AC0E6DD001C9AF1 /* PheromoneMap.cpp */,
				0537FB421AC0E6DD001C9AF1 /* PheromoneMap.h */,
				0537FB441AC0E6E6001C9AF1 /* Ant.cpp */,
				0537FB451AC0E6E6001C9AF1 /* Ant.h */,
				054991031ACDC44B008B7EA7 /* EdgeUpdate.cpp */,
				054991041ACDC44B008B7EA7 /* EdgeUpdate.h */,
			);
			path = AntColony;
			sourceTree = "<group>";
		};
/* End PBXGroup section */

/* Begin PBXNativeTarget section */
		0537FB301AC0A11F001C9AF1 /* AntColony */ = {
			isa = PBXNativeTarget;
			buildConfigurationList = 0537FB381AC0A11F001C9AF1 /* Build configuration list for PBXNativeTarget "AntColony" */;
			buildPhases = (
				0537FB2D1AC0A11F001C9AF1 /* Sources */,
				0537FB2E1AC0A11F001C9AF1 /* Frameworks */,
				0537FB2F1AC0A11F001C9AF1 /* CopyFiles */,
			);
			buildRules = (
			);
			dependencies = (
			);
			name = AntColony;
			productName = AntColony;
			productReference = 0537FB311AC0A11F001C9AF1 /* AntColony */;
			productType = "com.apple.product-type.tool";
		};
/* End PBXNativeTarget section */

/* Begin PBXProject section */
		0537FB291AC0A11F001C9AF1 /* Project object */ = {
			isa = PBXProject;
			attributes = {
				LastUpgradeCheck = 0610;
				ORGANIZATIONNAME = "Sawyer Bowman";
				TargetAttributes = {
					0537FB301AC0A11F001C9AF1 = {
						CreatedOnToolsVersion = 6.1.1;
					};
				};
			};
			buildConfigurationList = 0537FB2C1AC0A11F001C9AF1 /* Build configuration list for PBXProject "AntColony" */;
			compatibilityVersion = "Xcode 3.2";
			developmentRegion = English;
			hasScannedForEncodings = 0;
			knownRegions = (
				en,
			);
			mainGroup = 0537FB281AC0A11F001C9AF1;
			productRefGroup = 0537FB321AC0A11F001C9AF1 /* Products */;
			projectDirPath = "";
			projectRoot = "";
			targets = (
				0537FB301AC0A11F001C9AF1 /* AntColony */,
			);
		};
/* End PBXProject section */

/* Begin PBXSourcesBuildPhase section */
		0537FB2D1AC0A11F001C9AF1 /* Sources */ = {
			isa = PBXSourcesBuildPhase;
			buildActionMask = 2147483647;
			files = (
				0537FB491AC0EF45001C9AF1 /* City.cpp in Sources */,
				0537FB431AC0E6DD001C9AF1 /* PheromoneMap.cpp in Sources */,
				0537FB351AC0A11F001C9AF1 /* main.cpp in Sources */,
				054991051ACDC44B008B7EA7 /* EdgeUpdate.cpp in Sources */,
				0537FB401AC0E6C8001C9AF1 /* Problem.cpp in Sources */,
				0537FB3D1AC0A90D001C9AF1 /* AntAlgorithm.cpp in Sources */,
				0537FB461AC0E6E6001C9AF1 /* Ant.cpp in Sources */,
			);
			runOnlyForDeploymentPostprocessing = 0;
		};
/* End PBXSourcesBuildPhase section */

/* Begin XCBuildConfiguration section */
		0537FB361AC0A11F001C9AF1 /* Debug */ = {
			isa = XCBuildConfiguration;
			buildSettings = {
				ALWAYS_SEARCH_USER_PATHS = NO;
				CLANG_CXX_LANGUAGE_STANDARD = "gnu++0x";
				CLANG_CXX_LIBRARY = "libc++";
				CLANG_ENABLE_MODULES = YES;
				CLANG_ENABLE_OBJC_ARC = YES;
				CLANG_WARN_BOOL_CONVERSION = YES;
				CLANG_WARN_CONSTANT_CONVERSION = YES;
				CLANG_WARN_DIRECT_OBJC_ISA_USAGE = YES_ERROR;
				CLANG_WARN_EMPTY_BODY = YES;
				CLANG_WARN_ENUM_CONVERSION = YES;
				CLANG_WARN_INT_CONVERSION = YES;
				CLANG_WARN_OBJC_ROOT_CLASS = YES_ERROR;
				CLANG_WARN_UNREACHABLE_CODE = YES;
				CLANG_WARN__DUPLICATE_METHOD_MATCH = YES;
				COPY_PHASE_STRIP = NO;
				ENABLE_STRICT_OBJC_MSGSEND = YES;
				GCC_C_LANGUAGE_STANDARD = gnu99;
				GCC_DYNAMIC_NO_PIC = NO;
				GCC_OPTIMIZATION_LEVEL = 0;
				GCC_PREPROCESSOR_DEFINITIONS = (
					"DEBUG=1",
					"$(inherited)",
				);
				GCC_SYMBOLS_PRIVATE_EXTERN = NO;
				GCC_WARN_64_TO_32_BIT_CONVERSION = YES;
				GCC_WARN_ABOUT_RETURN_TYPE = YES_ERROR;
				GCC_WARN_UNDECLARED_SELECTOR = YES;
				GCC_WARN_UNINITIALIZED_AUTOS = YES_AGGRESSIVE;
				GCC_WARN_UNUSED_FUNCTION = YES;
				GCC_WARN_UNUSED_VARIABLE = YES;
				MACOSX_DEPLOYMENT_TARGET = 10.10;
				MTL_ENABLE_DEBUG_INFO = YES;
				ONLY_ACTIVE_ARCH = YES;
				SDKROOT = macosx;
			};
			name = Debug;
		};
		0537FB371AC0A11F001C9AF1 /* Release */ = {
			isa = XCBuildConfiguration;
			buildSettings = {
				ALWAYS_SEARCH_USER_PATHS = NO;
				CLANG_CXX_LANGUAGE_STANDARD = "gnu++0x";
				CLANG_CXX_LIBRARY = "libc++";
				CLANG_ENABLE_MODULES = YES;
				CLANG_ENABLE_OBJC_ARC = YES;
				CLANG_WARN_BOOL_CONVERSION = YES;
				CLANG_WARN_CONSTANT_CONVERSION = YES;
				CLANG_WARN_DIRECT_OBJC_ISA_USAGE = YES_ERROR;
				CLANG_WARN_EMPTY_BODY = YES;
				CLANG_WARN_ENUM_CONVERSION = YES;
				CLANG_WARN_INT_CONVERSION = YES;
				CLANG_WARN_OBJC_ROOT_CLASS = YES_ERROR;
				CLANG_WARN_UNREACHABLE_CODE = YES;
				CLANG_WARN__DUPLICATE_METHOD_MATCH = YES;
				COPY_PHASE_STRIP = YES;
				DEBUG_INFORMATION_FORMAT = "dwarf-with-dsym";
				ENABLE_NS_ASSERTIONS = NO;
				ENABLE_STRICT_OBJC_MSGSEND = YES;
				GCC_C_LANGUAGE_STANDARD = gnu99;
				GCC_WARN_64_TO_32_BIT_CONVERSION = YES;
				GCC_WARN_ABOUT_RETURN_TYPE = YES_ERROR;
				GCC_WARN_UNDECLARED_SELECTOR = YES;
				GCC_WARN_UNINITIALIZED_AUTOS = YES_AGGRESSIVE;
				GCC_WARN_UNUSED_FUNCTION = YES;
				GCC_WARN_UNUSED_VARIABLE = YES;
				MACOSX_DEPLOYMENT_TARGET = 10.10;
				MTL_ENABLE_DEBUG_INFO = NO;
				SDKROOT = macosx;
			};
			name = Release;
		};
		0537FB391AC0A11F001C9AF1 /* Debug */ = {
			isa = XCBuildConfiguration;
			buildSettings = {
				PRODUCT_NAME = "$(TARGET_NAME)";
			};
			name = Debug;
		};
		0537FB3A1AC0A11F001C9AF1 /* Release */ = {
			isa = XCBuildConfiguration;
			buildSettings = {
				PRODUCT_NAME = "$(TARGET_NAME)";
			};
			name = Release;
		};
/* End XCBuildConfiguration section */

/* Begin XCConfigurationList section */
		0537FB2C1AC0A11F001C9AF1 /* Build configuration list for PBXProject "AntColony" */ = {
			isa = XCConfigurationList;
			buildConfigurations = (
				0537FB361AC0A11F001C9AF1 /* Debug */,
				0537FB371AC0A11F001C9AF1 /* Release */,
			);
			defaultConfigurationIsVisible = 0;
			defaultConfigurationName = Release;
		};
		0537FB381AC0A11F001C9AF1 /* Build configuration list for PBXNativeTarget "AntColony" */ = {
			isa = XCConfigurationList;
			buildConfigurations = (
				0537FB391AC0A11F001C9AF1 /* Debug */,
				0537FB3A1AC0A11F001C9AF1 /* Release */,
			);
			defaultConfigurationIsVisible = 0;
			defaultConfigurationName = Release;
		};
/* End XCConfigurationList section */
	};
	rootObject = 0537FB291AC0A11F001C9AF1 /* Project object */;
}
